
Microsoft Visual Studio Solution File, Format Version 12.00
# Visual Studio Version 17
VisualStudioVersion = 17.0.31903.59
MinimumVisualStudioVersion = 10.0.40219.1
Project("{2150E333-8FDC-42A3-9474-1A3956D46DE8}") = "src", "src", "{46E9693C-107A-41CB-B06D-D91C25978EF9}"
EndProject
Project("{FAE04EC0-301F-11D3-BF4B-00C04F79EFBC}") = "AkkaSync.Core", "src\AkkaSync.Core\AkkaSync.Core.csproj", "{BB669051-0E4D-408E-81B6-969C418757E8}"
EndProject
Project("{FAE04EC0-301F-11D3-BF4B-00C04F79EFBC}") = "AkkaSync.Examples", "src\AkkaSync.Examples\AkkaSync.Examples.csproj", "{D03320E5-3E3F-4209-8D3F-33453E1D1B3A}"
EndProject
Project("{2150E333-8FDC-42A3-9474-1A3956D46DE8}") = "tests", "tests", "{953FDA21-0E2E-4210-87AE-322E68DB527D}"
EndProject
Project("{FAE04EC0-301F-11D3-BF4B-00C04F79EFBC}") = "AkkaSync.Core.Tests", "tests\AkkaSync.Core.Tests\AkkaSync.Core.Tests.csproj", "{798EEAD8-9533-449F-A0F6-40BE52D25CA9}"
EndProject
Project("{FAE04EC0-301F-11D3-BF4B-00C04F79EFBC}") = "AkkaSync.Infrastructure", "src\AkkaSync.Infrastructure\AkkaSync.Infrastructure.csproj", "{FA27AD26-58A5-478D-A46E-9070CCC0F66F}"
EndProject
Project("{FAE04EC0-301F-11D3-BF4B-00C04F79EFBC}") = "AkkaSync.Plugins.Source.File", "src\AkkaSync.Plugins.Source.File\AkkaSync.Plugins.Source.File.csproj", "{EC8262DC-4348-46C3-9A74-342A9AEA5CAE}"
EndProject
Project("{FAE04EC0-301F-11D3-BF4B-00C04F79EFBC}") = "AkkaSync.Abstractions", "src\AkkaSync.Abstractions\AkkaSync.Abstractions.csproj", "{C41C0ABE-E6CB-4CA4-B1C2-0103AF85BD72}"
EndProject
Project("{FAE04EC0-301F-11D3-BF4B-00C04F79EFBC}") = "AkkaSync.Plugins.Sink.Sqlite", "src\AkkaSync.Plugins.Sink.Sqlite\AkkaSync.Plugins.Sink.Sqlite.csproj", "{E7B9B8D7-46DA-4A96-B0BB-27330F5DFBC0}"
EndProject
Project("{FAE04EC0-301F-11D3-BF4B-00C04F79EFBC}") = "AkkaSync.Plugins.HistoryStore.InMemory", "src\AkkaSync.Plugins.HistoryStore.InMemory\AkkaSync.Plugins.HistoryStore.InMemory.csproj", "{65212AF9-009D-4A39-BB75-6685207C3823}"
EndProject
Project("{FAE04EC0-301F-11D3-BF4B-00C04F79EFBC}") = "AkkaSync.Abstractions.Tests", "tests\AkkaSync.Abstractions.Tests\AkkaSync.Abstractions.Tests.csproj", "{9E10825B-55EE-4442-9738-016E5320A34A}"
EndProject
Project("{FAE04EC0-301F-11D3-BF4B-00C04F79EFBC}") = "AkkaSync.Host", "src\AkkaSync.Host\AkkaSync.Host.csproj", "{326013B4-C52B-4D91-A684-5C78F94495A4}"
EndProject
Global
	GlobalSection(SolutionConfigurationPlatforms) = preSolution
		Debug|Any CPU = Debug|Any CPU
		Release|Any CPU = Release|Any CPU
	EndGlobalSection
	GlobalSection(ProjectConfigurationPlatforms) = postSolution
		{BB669051-0E4D-408E-81B6-969C418757E8}.Debug|Any CPU.ActiveCfg = Debug|Any CPU
		{BB669051-0E4D-408E-81B6-969C418757E8}.Debug|Any CPU.Build.0 = Debug|Any CPU
		{BB669051-0E4D-408E-81B6-969C418757E8}.Release|Any CPU.ActiveCfg = Release|Any CPU
		{BB669051-0E4D-408E-81B6-969C418757E8}.Release|Any CPU.Build.0 = Release|Any CPU
		{D03320E5-3E3F-4209-8D3F-33453E1D1B3A}.Debug|Any CPU.ActiveCfg = Debug|Any CPU
		{D03320E5-3E3F-4209-8D3F-33453E1D1B3A}.Debug|Any CPU.Build.0 = Debug|Any CPU
		{D03320E5-3E3F-4209-8D3F-33453E1D1B3A}.Release|Any CPU.ActiveCfg = Release|Any CPU
		{D03320E5-3E3F-4209-8D3F-33453E1D1B3A}.Release|Any CPU.Build.0 = Release|Any CPU
		{798EEAD8-9533-449F-A0F6-40BE52D25CA9}.Debug|Any CPU.ActiveCfg = Debug|Any CPU
		{798EEAD8-9533-449F-A0F6-40BE52D25CA9}.Debug|Any CPU.Build.0 = Debug|Any CPU
		{798EEAD8-9533-449F-A0F6-40BE52D25CA9}.Release|Any CPU.ActiveCfg = Release|Any CPU
		{798EEAD8-9533-449F-A0F6-40BE52D25CA9}.Release|Any CPU.Build.0 = Release|Any CPU
		{FA27AD26-58A5-478D-A46E-9070CCC0F66F}.Debug|Any CPU.ActiveCfg = Debug|Any CPU
		{FA27AD26-58A5-478D-A46E-9070CCC0F66F}.Debug|Any CPU.Build.0 = Debug|Any CPU
		{FA27AD26-58A5-478D-A46E-9070CCC0F66F}.Release|Any CPU.ActiveCfg = Release|Any CPU
		{FA27AD26-58A5-478D-A46E-9070CCC0F66F}.Release|Any CPU.Build.0 = Release|Any CPU
		{EC8262DC-4348-46C3-9A74-342A9AEA5CAE}.Debug|Any CPU.ActiveCfg = Debug|Any CPU
		{EC8262DC-4348-46C3-9A74-342A9AEA5CAE}.Debug|Any CPU.Build.0 = Debug|Any CPU
		{EC8262DC-4348-46C3-9A74-342A9AEA5CAE}.Release|Any CPU.ActiveCfg = Release|Any CPU
		{EC8262DC-4348-46C3-9A74-342A9AEA5CAE}.Release|Any CPU.Build.0 = Release|Any CPU
		{C41C0ABE-E6CB-4CA4-B1C2-0103AF85BD72}.Debug|Any CPU.ActiveCfg = Debug|Any CPU
		{C41C0ABE-E6CB-4CA4-B1C2-0103AF85BD72}.Debug|Any CPU.Build.0 = Debug|Any CPU
		{C41C0ABE-E6CB-4CA4-B1C2-0103AF85BD72}.Release|Any CPU.ActiveCfg = Release|Any CPU
		{C41C0ABE-E6CB-4CA4-B1C2-0103AF85BD72}.Release|Any CPU.Build.0 = Release|Any CPU
		{E7B9B8D7-46DA-4A96-B0BB-27330F5DFBC0}.Debug|Any CPU.ActiveCfg = Debug|Any CPU
		{E7B9B8D7-46DA-4A96-B0BB-27330F5DFBC0}.Debug|Any CPU.Build.0 = Debug|Any CPU
		{E7B9B8D7-46DA-4A96-B0BB-27330F5DFBC0}.Release|Any CPU.ActiveCfg = Release|Any CPU
		{E7B9B8D7-46DA-4A96-B0BB-27330F5DFBC0}.Release|Any CPU.Build.0 = Release|Any CPU
		{65212AF9-009D-4A39-BB75-6685207C3823}.Debug|Any CPU.ActiveCfg = Debug|Any CPU
		{65212AF9-009D-4A39-BB75-6685207C3823}.Debug|Any CPU.Build.0 = Debug|Any CPU
		{65212AF9-009D-4A39-BB75-6685207C3823}.Release|Any CPU.ActiveCfg = Release|Any CPU
		{65212AF9-009D-4A39-BB75-6685207C3823}.Release|Any CPU.Build.0 = Release|Any CPU
		{9E10825B-55EE-4442-9738-016E5320A34A}.Debug|Any CPU.ActiveCfg = Debug|Any CPU
		{9E10825B-55EE-4442-9738-016E5320A34A}.Debug|Any CPU.Build.0 = Debug|Any CPU
		{9E10825B-55EE-4442-9738-016E5320A34A}.Release|Any CPU.ActiveCfg = Release|Any CPU
		{9E10825B-55EE-4442-9738-016E5320A34A}.Release|Any CPU.Build.0 = Release|Any CPU
		{326013B4-C52B-4D91-A684-5C78F94495A4}.Debug|Any CPU.ActiveCfg = Debug|Any CPU
		{326013B4-C52B-4D91-A684-5C78F94495A4}.Debug|Any CPU.Build.0 = Debug|Any CPU
		{326013B4-C52B-4D91-A684-5C78F94495A4}.Release|Any CPU.ActiveCfg = Release|Any CPU
		{326013B4-C52B-4D91-A684-5C78F94495A4}.Release|Any CPU.Build.0 = Release|Any CPU
	EndGlobalSection
	GlobalSection(SolutionProperties) = preSolution
		HideSolutionNode = FALSE
	EndGlobalSection
	GlobalSection(NestedProjects) = preSolution
		{BB669051-0E4D-408E-81B6-969C418757E8} = {46E9693C-107A-41CB-B06D-D91C25978EF9}
		{D03320E5-3E3F-4209-8D3F-33453E1D1B3A} = {46E9693C-107A-41CB-B06D-D91C25978EF9}
		{798EEAD8-9533-449F-A0F6-40BE52D25CA9} = {953FDA21-0E2E-4210-87AE-322E68DB527D}
		{FA27AD26-58A5-478D-A46E-9070CCC0F66F} = {46E9693C-107A-41CB-B06D-D91C25978EF9}
		{EC8262DC-4348-46C3-9A74-342A9AEA5CAE} = {46E9693C-107A-41CB-B06D-D91C25978EF9}
		{C41C0ABE-E6CB-4CA4-B1C2-0103AF85BD72} = {46E9693C-107A-41CB-B06D-D91C25978EF9}
		{E7B9B8D7-46DA-4A96-B0BB-27330F5DFBC0} = {46E9693C-107A-41CB-B06D-D91C25978EF9}
		{65212AF9-009D-4A39-BB75-6685207C3823} = {46E9693C-107A-41CB-B06D-D91C25978EF9}
		{9E10825B-55EE-4442-9738-016E5320A34A} = {953FDA21-0E2E-4210-87AE-322E68DB527D}
		{326013B4-C52B-4D91-A684-5C78F94495A4} = {46E9693C-107A-41CB-B06D-D91C25978EF9}
	EndGlobalSection
EndGlobal
