
Microsoft Visual Studio Solution File, Format Version 12.00
# Visual Studio Version 17
VisualStudioVersion = 17.0.31903.59
MinimumVisualStudioVersion = 10.0.40219.1
Project("{2150E333-8FDC-42A3-9474-1A3956D46DE8}") = "src", "src", "{46E9693C-107A-41CB-B06D-D91C25978EF9}"
EndProject
Project("{FAE04EC0-301F-11D3-BF4B-00C04F79EFBC}") = "AkkaSync.Core", "src\AkkaSync.Core\AkkaSync.Core.csproj", "{BB669051-0E4D-408E-81B6-969C418757E8}"
EndProject
Project("{FAE04EC0-301F-11D3-BF4B-00C04F79EFBC}") = "AkkaSync.Connectors", "src\AkkaSync.Connectors\AkkaSync.Connectors.csproj", "{20F3EB6F-2FE2-4466-8C62-C11BF6CA01D8}"
EndProject
Project("{FAE04EC0-301F-11D3-BF4B-00C04F79EFBC}") = "AkkaSync.Examples", "src\AkkaSync.Examples\AkkaSync.Examples.csproj", "{D03320E5-3E3F-4209-8D3F-33453E1D1B3A}"
EndProject
Project("{2150E333-8FDC-42A3-9474-1A3956D46DE8}") = "tests", "tests", "{953FDA21-0E2E-4210-87AE-322E68DB527D}"
EndProject
Project("{FAE04EC0-301F-11D3-BF4B-00C04F79EFBC}") = "AkkaSync.Core.Tests", "tests\AkkaSync.Core.Tests\AkkaSync.Core.Tests.csproj", "{798EEAD8-9533-449F-A0F6-40BE52D25CA9}"
EndProject
Project("{FAE04EC0-301F-11D3-BF4B-00C04F79EFBC}") = "AkkaSync.Plugins", "src\AkkaSync.Plugins\AkkaSync.Plugins.csproj", "{3248076D-29D7-4243-A92E-3E0213CEBCB3}"
EndProject
Project("{FAE04EC0-301F-11D3-BF4B-00C04F79EFBC}") = "AkkaSync.Infrastructure", "src\AkkaSync.Infrastructure\AkkaSync.Infrastructure.csproj", "{FA27AD26-58A5-478D-A46E-9070CCC0F66F}"
EndProject
Global
	GlobalSection(SolutionConfigurationPlatforms) = preSolution
		Debug|Any CPU = Debug|Any CPU
		Release|Any CPU = Release|Any CPU
	EndGlobalSection
	GlobalSection(ProjectConfigurationPlatforms) = postSolution
		{BB669051-0E4D-408E-81B6-969C418757E8}.Debug|Any CPU.ActiveCfg = Debug|Any CPU
		{BB669051-0E4D-408E-81B6-969C418757E8}.Debug|Any CPU.Build.0 = Debug|Any CPU
		{BB669051-0E4D-408E-81B6-969C418757E8}.Release|Any CPU.ActiveCfg = Release|Any CPU
		{BB669051-0E4D-408E-81B6-969C418757E8}.Release|Any CPU.Build.0 = Release|Any CPU
		{20F3EB6F-2FE2-4466-8C62-C11BF6CA01D8}.Debug|Any CPU.ActiveCfg = Debug|Any CPU
		{20F3EB6F-2FE2-4466-8C62-C11BF6CA01D8}.Debug|Any CPU.Build.0 = Debug|Any CPU
		{20F3EB6F-2FE2-4466-8C62-C11BF6CA01D8}.Release|Any CPU.ActiveCfg = Release|Any CPU
		{20F3EB6F-2FE2-4466-8C62-C11BF6CA01D8}.Release|Any CPU.Build.0 = Release|Any CPU
		{D03320E5-3E3F-4209-8D3F-33453E1D1B3A}.Debug|Any CPU.ActiveCfg = Debug|Any CPU
		{D03320E5-3E3F-4209-8D3F-33453E1D1B3A}.Debug|Any CPU.Build.0 = Debug|Any CPU
		{D03320E5-3E3F-4209-8D3F-33453E1D1B3A}.Release|Any CPU.ActiveCfg = Release|Any CPU
		{D03320E5-3E3F-4209-8D3F-33453E1D1B3A}.Release|Any CPU.Build.0 = Release|Any CPU
		{798EEAD8-9533-449F-A0F6-40BE52D25CA9}.Debug|Any CPU.ActiveCfg = Debug|Any CPU
		{798EEAD8-9533-449F-A0F6-40BE52D25CA9}.Debug|Any CPU.Build.0 = Debug|Any CPU
		{798EEAD8-9533-449F-A0F6-40BE52D25CA9}.Release|Any CPU.ActiveCfg = Release|Any CPU
		{798EEAD8-9533-449F-A0F6-40BE52D25CA9}.Release|Any CPU.Build.0 = Release|Any CPU
		{3248076D-29D7-4243-A92E-3E0213CEBCB3}.Debug|Any CPU.ActiveCfg = Debug|Any CPU
		{3248076D-29D7-4243-A92E-3E0213CEBCB3}.Debug|Any CPU.Build.0 = Debug|Any CPU
		{3248076D-29D7-4243-A92E-3E0213CEBCB3}.Release|Any CPU.ActiveCfg = Release|Any CPU
		{3248076D-29D7-4243-A92E-3E0213CEBCB3}.Release|Any CPU.Build.0 = Release|Any CPU
		{FA27AD26-58A5-478D-A46E-9070CCC0F66F}.Debug|Any CPU.ActiveCfg = Debug|Any CPU
		{FA27AD26-58A5-478D-A46E-9070CCC0F66F}.Debug|Any CPU.Build.0 = Debug|Any CPU
		{FA27AD26-58A5-478D-A46E-9070CCC0F66F}.Release|Any CPU.ActiveCfg = Release|Any CPU
		{FA27AD26-58A5-478D-A46E-9070CCC0F66F}.Release|Any CPU.Build.0 = Release|Any CPU
	EndGlobalSection
	GlobalSection(SolutionProperties) = preSolution
		HideSolutionNode = FALSE
	EndGlobalSection
	GlobalSection(NestedProjects) = preSolution
		{BB669051-0E4D-408E-81B6-969C418757E8} = {46E9693C-107A-41CB-B06D-D91C25978EF9}
		{20F3EB6F-2FE2-4466-8C62-C11BF6CA01D8} = {46E9693C-107A-41CB-B06D-D91C25978EF9}
		{D03320E5-3E3F-4209-8D3F-33453E1D1B3A} = {46E9693C-107A-41CB-B06D-D91C25978EF9}
		{798EEAD8-9533-449F-A0F6-40BE52D25CA9} = {953FDA21-0E2E-4210-87AE-322E68DB527D}
		{3248076D-29D7-4243-A92E-3E0213CEBCB3} = {46E9693C-107A-41CB-B06D-D91C25978EF9}
		{FA27AD26-58A5-478D-A46E-9070CCC0F66F} = {46E9693C-107A-41CB-B06D-D91C25978EF9}
	EndGlobalSection
EndGlobal
